{
  "nodes": {
    "nixpkgs": {
      "locked": {
        "lastModified": 1748879960,
        "narHash": "sha256-ox3YcQyj6h7ISj9ZRhPqxdh+a346gBjHYqFZRDM1ucA=",
        "owner": "NixOS",
        "repo": "nixpkgs",
        "rev": "4ce1a461b99fe87dfe9cf1c987fa5a9c56ab0e88",
        "type": "github"
      },
      "original": {
        "owner": "NixOS",
        "repo": "nixpkgs",
        "type": "github"
      }
    },
    "root": {
      "inputs": {
        "nixpkgs": "nixpkgs"
      }
    }
  },
  "root": "root",
  "version": 7
}
